// !$*UTF8*$!
{
	archiveVersion = 1;
	classes = {
	};
	objectVersion = 50;
	objects = {

/* Begin PBXBuildFile section */
		3E9A60FF26D256B2003F5939 /* FoodAppUIApp.swift in Sources */ = {isa = PBXBuildFile; fileRef = 3E9A60FE26D256B2003F5939 /* FoodAppUIApp.swift */; };
		3E9A610126D256B2003F5939 /* ContentView.swift in Sources */ = {isa = PBXBuildFile; fileRef = 3E9A610026D256B2003F5939 /* ContentView.swift */; };
		3E9A610326D256B4003F5939 /* Assets.xcassets in Resources */ = {isa = PBXBuildFile; fileRef = 3E9A610226D256B4003F5939 /* Assets.xcassets */; };
		3E9A610626D256B4003F5939 /* Preview Assets.xcassets in Resources */ = {isa = PBXBuildFile; fileRef = 3E9A610526D256B4003F5939 /* Preview Assets.xcassets */; };
		3E9A610F26D256FB003F5939 /* CGPoint+Extension.swift in Sources */ = {isa = PBXBuildFile; fileRef = 3E9A610E26D256FB003F5939 /* CGPoint+Extension.swift */; };
		3E9A611126D2571E003F5939 /* Color+Extension.swift in Sources */ = {isa = PBXBuildFile; fileRef = 3E9A611026D2571E003F5939 /* Color+Extension.swift */; };
		3E9A611326D2573E003F5939 /* UIScreen+Extension.swift in Sources */ = {isa = PBXBuildFile; fileRef = 3E9A611226D2573E003F5939 /* UIScreen+Extension.swift */; };
		3E9A611626D257DC003F5939 /* RecipeItem.swift in Sources */ = {isa = PBXBuildFile; fileRef = 3E9A611526D257DC003F5939 /* RecipeItem.swift */; };
		3E9A611826D257F4003F5939 /* Ingredients.swift in Sources */ = {isa = PBXBuildFile; fileRef = 3E9A611726D257F4003F5939 /* Ingredients.swift */; };
		3E9A611A26D25806003F5939 /* DataModel.swift in Sources */ = {isa = PBXBuildFile; fileRef = 3E9A611926D25806003F5939 /* DataModel.swift */; };
		3E9A611E26D384DF003F5939 /* RecipeDetailView.swift in Sources */ = {isa = PBXBuildFile; fileRef = 3E9A611D26D384DF003F5939 /* RecipeDetailView.swift */; };
		3E9A612026D3855D003F5939 /* BackButtonView.swift in Sources */ = {isa = PBXBuildFile; fileRef = 3E9A611F26D3855D003F5939 /* BackButtonView.swift */; };
		3E9A612226D3858E003F5939 /* IngredientMethodToggleStyle.swift in Sources */ = {isa = PBXBuildFile; fileRef = 3E9A612126D3858E003F5939 /* IngredientMethodToggleStyle.swift */; };
		3E9A612426D385D9003F5939 /* IngredientListView.swift in Sources */ = {isa = PBXBuildFile; fileRef = 3E9A612326D385D9003F5939 /* IngredientListView.swift */; };
		3E9A612626D385F3003F5939 /* CircularToggleStyle.swift in Sources */ = {isa = PBXBuildFile; fileRef = 3E9A612526D385F3003F5939 /* CircularToggleStyle.swift */; };
		3E9A612826D38639003F5939 /* MethodListView.swift in Sources */ = {isa = PBXBuildFile; fileRef = 3E9A612726D38639003F5939 /* MethodListView.swift */; };
		3E9A612B26D387F3003F5939 /* RecipeOverview.swift in Sources */ = {isa = PBXBuildFile; fileRef = 3E9A612A26D387F3003F5939 /* RecipeOverview.swift */; };
		3E9A612D26D38815003F5939 /* TitleView.swift in Sources */ = {isa = PBXBuildFile; fileRef = 3E9A612C26D38815003F5939 /* TitleView.swift */; };
		3E9A612F26D3883F003F5939 /* SummeryView.swift in Sources */ = {isa = PBXBuildFile; fileRef = 3E9A612E26D3883F003F5939 /* SummeryView.swift */; };
		3E9A613126D3885B003F5939 /* DescriptionView.swift in Sources */ = {isa = PBXBuildFile; fileRef = 3E9A613026D3885B003F5939 /* DescriptionView.swift */; };
		3E9A613326D3888F003F5939 /* RecipeInteractionView.swift in Sources */ = {isa = PBXBuildFile; fileRef = 3E9A613226D3888F003F5939 /* RecipeInteractionView.swift */; };
		3E9A613526D388C7003F5939 /* ArrowShape.swift in Sources */ = {isa = PBXBuildFile; fileRef = 3E9A613426D388C7003F5939 /* ArrowShape.swift */; };
		3E9A613726D38928003F5939 /* RecipeManager.swift in Sources */ = {isa = PBXBuildFile; fileRef = 3E9A613626D38928003F5939 /* RecipeManager.swift */; };
/* End PBXBuildFile section */

/* Begin PBXFileReference section */
		3E9A60FB26D256B2003F5939 /* FoodAppUI.app */ = {isa = PBXFileReference; explicitFileType = wrapper.application; includeInIndex = 0; path = FoodAppUI.app; sourceTree = BUILT_PRODUCTS_DIR; };
		3E9A60FE26D256B2003F5939 /* FoodAppUIApp.swift */ = {isa = PBXFileReference; lastKnownFileType = sourcecode.swift; path = FoodAppUIApp.swift; sourceTree = "<group>"; };
		3E9A610026D256B2003F5939 /* ContentView.swift */ = {isa = PBXFileReference; lastKnownFileType = sourcecode.swift; path = ContentView.swift; sourceTree = "<group>"; };
		3E9A610226D256B4003F5939 /* Assets.xcassets */ = {isa = PBXFileReference; lastKnownFileType = folder.assetcatalog; path = Assets.xcassets; sourceTree = "<group>"; };
		3E9A610526D256B4003F5939 /* Preview Assets.xcassets */ = {isa = PBXFileReference; lastKnownFileType = folder.assetcatalog; path = "Preview Assets.xcassets"; sourceTree = "<group>"; };
		3E9A610726D256B4003F5939 /* Info.plist */ = {isa = PBXFileReference; lastKnownFileType = text.plist.xml; path = Info.plist; sourceTree = "<group>"; };
		3E9A610E26D256FB003F5939 /* CGPoint+Extension.swift */ = {isa = PBXFileReference; lastKnownFileType = sourcecode.swift; path = "CGPoint+Extension.swift"; sourceTree = "<group>"; };
		3E9A611026D2571E003F5939 /* Color+Extension.swift */ = {isa = PBXFileReference; lastKnownFileType = sourcecode.swift; path = "Color+Extension.swift"; sourceTree = "<group>"; };
		3E9A611226D2573E003F5939 /* UIScreen+Extension.swift */ = {isa = PBXFileReference; lastKnownFileType = sourcecode.swift; path = "UIScreen+Extension.swift"; sourceTree = "<group>"; };
		3E9A611526D257DC003F5939 /* RecipeItem.swift */ = {isa = PBXFileReference; lastKnownFileType = sourcecode.swift; path = RecipeItem.swift; sourceTree = "<group>"; };
		3E9A611726D257F4003F5939 /* Ingredients.swift */ = {isa = PBXFileReference; lastKnownFileType = sourcecode.swift; path = Ingredients.swift; sourceTree = "<group>"; };
		3E9A611926D25806003F5939 /* DataModel.swift */ = {isa = PBXFileReference; lastKnownFileType = sourcecode.swift; path = DataModel.swift; sourceTree = "<group>"; };
		3E9A611D26D384DF003F5939 /* RecipeDetailView.swift */ = {isa = PBXFileReference; lastKnownFileType = sourcecode.swift; path = RecipeDetailView.swift; sourceTree = "<group>"; };
		3E9A611F26D3855D003F5939 /* BackButtonView.swift */ = {isa = PBXFileReference; lastKnownFileType = sourcecode.swift; path = BackButtonView.swift; sourceTree = "<group>"; };
		3E9A612126D3858E003F5939 /* IngredientMethodToggleStyle.swift */ = {isa = PBXFileReference; lastKnownFileType = sourcecode.swift; path = IngredientMethodToggleStyle.swift; sourceTree = "<group>"; };
		3E9A612326D385D9003F5939 /* IngredientListView.swift */ = {isa = PBXFileReference; lastKnownFileType = sourcecode.swift; path = IngredientListView.swift; sourceTree = "<group>"; };
		3E9A612526D385F3003F5939 /* CircularToggleStyle.swift */ = {isa = PBXFileReference; lastKnownFileType = sourcecode.swift; path = CircularToggleStyle.swift; sourceTree = "<group>"; };
		3E9A612726D38639003F5939 /* MethodListView.swift */ = {isa = PBXFileReference; lastKnownFileType = sourcecode.swift; path = MethodListView.swift; sourceTree = "<group>"; };
		3E9A612A26D387F3003F5939 /* RecipeOverview.swift */ = {isa = PBXFileReference; lastKnownFileType = sourcecode.swift; path = RecipeOverview.swift; sourceTree = "<group>"; };
		3E9A612C26D38815003F5939 /* TitleView.swift */ = {isa = PBXFileReference; lastKnownFileType = sourcecode.swift; path = TitleView.swift; sourceTree = "<group>"; };
		3E9A612E26D3883F003F5939 /* SummeryView.swift */ = {isa = PBXFileReference; lastKnownFileType = sourcecode.swift; path = SummeryView.swift; sourceTree = "<group>"; };
		3E9A613026D3885B003F5939 /* DescriptionView.swift */ = {isa = PBXFileReference; lastKnownFileType = sourcecode.swift; path = DescriptionView.swift; sourceTree = "<group>"; };
		3E9A613226D3888F003F5939 /* RecipeInteractionView.swift */ = {isa = PBXFileReference; lastKnownFileType = sourcecode.swift; path = RecipeInteractionView.swift; sourceTree = "<group>"; };
		3E9A613426D388C7003F5939 /* ArrowShape.swift */ = {isa = PBXFileReference; lastKnownFileType = sourcecode.swift; path = ArrowShape.swift; sourceTree = "<group>"; };
		3E9A613626D38928003F5939 /* RecipeManager.swift */ = {isa = PBXFileReference; lastKnownFileType = sourcecode.swift; path = RecipeManager.swift; sourceTree = "<group>"; };
/* End PBXFileReference section */

/* Begin PBXFrameworksBuildPhase section */
		3E9A60F826D256B2003F5939 /* Frameworks */ = {
			isa = PBXFrameworksBuildPhase;
			buildActionMask = 2147483647;
			files = (
			);
			runOnlyForDeploymentPostprocessing = 0;
		};
/* End PBXFrameworksBuildPhase section */

/* Begin PBXGroup section */
		3E9A60F226D256B2003F5939 = {
			isa = PBXGroup;
			children = (
				3E9A60FD26D256B2003F5939 /* FoodAppUI */,
				3E9A60FC26D256B2003F5939 /* Products */,
			);
			sourceTree = "<group>";
		};
		3E9A60FC26D256B2003F5939 /* Products */ = {
			isa = PBXGroup;
			children = (
				3E9A60FB26D256B2003F5939 /* FoodAppUI.app */,
			);
			name = Products;
			sourceTree = "<group>";
		};
		3E9A60FD26D256B2003F5939 /* FoodAppUI */ = {
			isa = PBXGroup;
			children = (
				3E9A613826D38944003F5939 /* ViewModel */,
				3E9A611B26D384AB003F5939 /* Views */,
				3E9A611426D257CF003F5939 /* Models */,
				3E9A610D26D256E2003F5939 /* Extensions */,
				3E9A60FE26D256B2003F5939 /* FoodAppUIApp.swift */,
				3E9A610226D256B4003F5939 /* Assets.xcassets */,
				3E9A610726D256B4003F5939 /* Info.plist */,
				3E9A610426D256B4003F5939 /* Preview Content */,
			);
			path = FoodAppUI;
			sourceTree = "<group>";
		};
		3E9A610426D256B4003F5939 /* Preview Content */ = {
			isa = PBXGroup;
			children = (
				3E9A610526D256B4003F5939 /* Preview Assets.xcassets */,
			);
			path = "Preview Content";
			sourceTree = "<group>";
		};
		3E9A610D26D256E2003F5939 /* Extensions */ = {
			isa = PBXGroup;
			children = (
				3E9A610E26D256FB003F5939 /* CGPoint+Extension.swift */,
				3E9A611026D2571E003F5939 /* Color+Extension.swift */,
				3E9A611226D2573E003F5939 /* UIScreen+Extension.swift */,
			);
			path = Extensions;
			sourceTree = "<group>";
		};
		3E9A611426D257CF003F5939 /* Models */ = {
			isa = PBXGroup;
			children = (
				3E9A611526D257DC003F5939 /* RecipeItem.swift */,
				3E9A611726D257F4003F5939 /* Ingredients.swift */,
				3E9A611926D25806003F5939 /* DataModel.swift */,
			);
			path = Models;
			sourceTree = "<group>";
		};
		3E9A611B26D384AB003F5939 /* Views */ = {
			isa = PBXGroup;
			children = (
				3E9A610026D256B2003F5939 /* ContentView.swift */,
				3E9A612926D387A7003F5939 /* RecipeOverview */,
				3E9A611C26D384B3003F5939 /* ReceiptDetailView */,
			);
			path = Views;
			sourceTree = "<group>";
		};
		3E9A611C26D384B3003F5939 /* ReceiptDetailView */ = {
			isa = PBXGroup;
			children = (
				3E9A611D26D384DF003F5939 /* RecipeDetailView.swift */,
				3E9A611F26D3855D003F5939 /* BackButtonView.swift */,
				3E9A612126D3858E003F5939 /* IngredientMethodToggleStyle.swift */,
				3E9A612326D385D9003F5939 /* IngredientListView.swift */,
				3E9A612526D385F3003F5939 /* CircularToggleStyle.swift */,
				3E9A612726D38639003F5939 /* MethodListView.swift */,
			);
			path = ReceiptDetailView;
			sourceTree = "<group>";
		};
		3E9A612926D387A7003F5939 /* RecipeOverview */ = {
			isa = PBXGroup;
			children = (
				3E9A612A26D387F3003F5939 /* RecipeOverview.swift */,
				3E9A612C26D38815003F5939 /* TitleView.swift */,
				3E9A612E26D3883F003F5939 /* SummeryView.swift */,
				3E9A613026D3885B003F5939 /* DescriptionView.swift */,
				3E9A613226D3888F003F5939 /* RecipeInteractionView.swift */,
				3E9A613426D388C7003F5939 /* ArrowShape.swift */,
			);
			path = RecipeOverview;
			sourceTree = "<group>";
		};
		3E9A613826D38944003F5939 /* ViewModel */ = {
			isa = PBXGroup;
			children = (
				3E9A613626D38928003F5939 /* RecipeManager.swift */,
			);
			path = ViewModel;
			sourceTree = "<group>";
		};
/* End PBXGroup section */

/* Begin PBXNativeTarget section */
		3E9A60FA26D256B2003F5939 /* FoodAppUI */ = {
			isa = PBXNativeTarget;
			buildConfigurationList = 3E9A610A26D256B4003F5939 /* Build configuration list for PBXNativeTarget "FoodAppUI" */;
			buildPhases = (
				3E9A60F726D256B2003F5939 /* Sources */,
				3E9A60F826D256B2003F5939 /* Frameworks */,
				3E9A60F926D256B2003F5939 /* Resources */,
			);
			buildRules = (
			);
			dependencies = (
			);
			name = FoodAppUI;
			productName = FoodAppUI;
			productReference = 3E9A60FB26D256B2003F5939 /* FoodAppUI.app */;
			productType = "com.apple.product-type.application";
		};
/* End PBXNativeTarget section */

/* Begin PBXProject section */
		3E9A60F326D256B2003F5939 /* Project object */ = {
			isa = PBXProject;
			attributes = {
				LastSwiftUpdateCheck = 1250;
				LastUpgradeCheck = 1250;
				TargetAttributes = {
					3E9A60FA26D256B2003F5939 = {
						CreatedOnToolsVersion = 12.5.1;
					};
				};
			};
			buildConfigurationList = 3E9A60F626D256B2003F5939 /* Build configuration list for PBXProject "FoodAppUI" */;
			compatibilityVersion = "Xcode 9.3";
			developmentRegion = en;
			hasScannedForEncodings = 0;
			knownRegions = (
				en,
				Base,
			);
			mainGroup = 3E9A60F226D256B2003F5939;
			productRefGroup = 3E9A60FC26D256B2003F5939 /* Products */;
			projectDirPath = "";
			projectRoot = "";
			targets = (
				3E9A60FA26D256B2003F5939 /* FoodAppUI */,
			);
		};
/* End PBXProject section */

/* Begin PBXResourcesBuildPhase section */
		3E9A60F926D256B2003F5939 /* Resources */ = {
			isa = PBXResourcesBuildPhase;
			buildActionMask = 2147483647;
			files = (
				3E9A610626D256B4003F5939 /* Preview Assets.xcassets in Resources */,
				3E9A610326D256B4003F5939 /* Assets.xcassets in Resources */,
			);
			runOnlyForDeploymentPostprocessing = 0;
		};
/* End PBXResourcesBuildPhase section */

/* Begin PBXSourcesBuildPhase section */
		3E9A60F726D256B2003F5939 /* Sources */ = {
			isa = PBXSourcesBuildPhase;
			buildActionMask = 2147483647;
			files = (
				3E9A611826D257F4003F5939 /* Ingredients.swift in Sources */,
				3E9A612B26D387F3003F5939 /* RecipeOverview.swift in Sources */,
				3E9A612026D3855D003F5939 /* BackButtonView.swift in Sources */,
				3E9A613126D3885B003F5939 /* DescriptionView.swift in Sources */,
				3E9A611E26D384DF003F5939 /* RecipeDetailView.swift in Sources */,
				3E9A610126D256B2003F5939 /* ContentView.swift in Sources */,
				3E9A611326D2573E003F5939 /* UIScreen+Extension.swift in Sources */,
				3E9A611626D257DC003F5939 /* RecipeItem.swift in Sources */,
				3E9A612D26D38815003F5939 /* TitleView.swift in Sources */,
				3E9A60FF26D256B2003F5939 /* FoodAppUIApp.swift in Sources */,
				3E9A612826D38639003F5939 /* MethodListView.swift in Sources */,
				3E9A611A26D25806003F5939 /* DataModel.swift in Sources */,
				3E9A612F26D3883F003F5939 /* SummeryView.swift in Sources */,
				3E9A613326D3888F003F5939 /* RecipeInteractionView.swift in Sources */,
				3E9A610F26D256FB003F5939 /* CGPoint+Extension.swift in Sources */,
				3E9A612226D3858E003F5939 /* IngredientMethodToggleStyle.swift in Sources */,
				3E9A611126D2571E003F5939 /* Color+Extension.swift in Sources */,
				3E9A612626D385F3003F5939 /* CircularToggleStyle.swift in Sources */,
				3E9A613726D38928003F5939 /* RecipeManager.swift in Sources */,
				3E9A612426D385D9003F5939 /* IngredientListView.swift in Sources */,
				3E9A613526D388C7003F5939 /* ArrowShape.swift in Sources */,
			);
			runOnlyForDeploymentPostprocessing = 0;
		};
/* End PBXSourcesBuildPhase section */

/* Begin XCBuildConfiguration section */
		3E9A610826D256B4003F5939 /* Debug */ = {
			isa = XCBuildConfiguration;
			buildSettings = {
				ALWAYS_SEARCH_USER_PATHS = NO;
				CLANG_ANALYZER_NONNULL = YES;
				CLANG_ANALYZER_NUMBER_OBJECT_CONVERSION = YES_AGGRESSIVE;
				CLANG_CXX_LANGUAGE_STANDARD = "gnu++14";
				CLANG_CXX_LIBRARY = "libc++";
				CLANG_ENABLE_MODULES = YES;
				CLANG_ENABLE_OBJC_ARC = YES;
				CLANG_ENABLE_OBJC_WEAK = YES;
				CLANG_WARN_BLOCK_CAPTURE_AUTORELEASING = YES;
				CLANG_WARN_BOOL_CONVERSION = YES;
				CLANG_WARN_COMMA = YES;
				CLANG_WARN_CONSTANT_CONVERSION = YES;
				CLANG_WARN_DEPRECATED_OBJC_IMPLEMENTATIONS = YES;
				CLANG_WARN_DIRECT_OBJC_ISA_USAGE = YES_ERROR;
				CLANG_WARN_DOCUMENTATION_COMMENTS = YES;
				CLANG_WARN_EMPTY_BODY = YES;
				CLANG_WARN_ENUM_CONVERSION = YES;
				CLANG_WARN_INFINITE_RECURSION = YES;
				CLANG_WARN_INT_CONVERSION = YES;
				CLANG_WARN_NON_LITERAL_NULL_CONVERSION = YES;
				CLANG_WARN_OBJC_IMPLICIT_RETAIN_SELF = YES;
				CLANG_WARN_OBJC_LITERAL_CONVERSION = YES;
				CLANG_WARN_OBJC_ROOT_CLASS = YES_ERROR;
				CLANG_WARN_QUOTED_INCLUDE_IN_FRAMEWORK_HEADER = YES;
				CLANG_WARN_RANGE_LOOP_ANALYSIS = YES;
				CLANG_WARN_STRICT_PROTOTYPES = YES;
				CLANG_WARN_SUSPICIOUS_MOVE = YES;
				CLANG_WARN_UNGUARDED_AVAILABILITY = YES_AGGRESSIVE;
				CLANG_WARN_UNREACHABLE_CODE = YES;
				CLANG_WARN__DUPLICATE_METHOD_MATCH = YES;
				COPY_PHASE_STRIP = NO;
				DEBUG_INFORMATION_FORMAT = dwarf;
				ENABLE_STRICT_OBJC_MSGSEND = YES;
				ENABLE_TESTABILITY = YES;
				GCC_C_LANGUAGE_STANDARD = gnu11;
				GCC_DYNAMIC_NO_PIC = NO;
				GCC_NO_COMMON_BLOCKS = YES;
				GCC_OPTIMIZATION_LEVEL = 0;
				GCC_PREPROCESSOR_DEFINITIONS = (
					"DEBUG=1",
					"$(inherited)",
				);
				GCC_WARN_64_TO_32_BIT_CONVERSION = YES;
				GCC_WARN_ABOUT_RETURN_TYPE = YES_ERROR;
				GCC_WARN_UNDECLARED_SELECTOR = YES;
				GCC_WARN_UNINITIALIZED_AUTOS = YES_AGGRESSIVE;
				GCC_WARN_UNUSED_FUNCTION = YES;
				GCC_WARN_UNUSED_VARIABLE = YES;
				IPHONEOS_DEPLOYMENT_TARGET = 14.5;
				MTL_ENABLE_DEBUG_INFO = INCLUDE_SOURCE;
				MTL_FAST_MATH = YES;
				ONLY_ACTIVE_ARCH = YES;
				SDKROOT = iphoneos;
				SWIFT_ACTIVE_COMPILATION_CONDITIONS = DEBUG;
				SWIFT_OPTIMIZATION_LEVEL = "-Onone";
			};
			name = Debug;
		};
		3E9A610926D256B4003F5939 /* Release */ = {
			isa = XCBuildConfiguration;
			buildSettings = {
				ALWAYS_SEARCH_USER_PATHS = NO;
				CLANG_ANALYZER_NONNULL = YES;
				CLANG_ANALYZER_NUMBER_OBJECT_CONVERSION = YES_AGGRESSIVE;
				CLANG_CXX_LANGUAGE_STANDARD = "gnu++14";
				CLANG_CXX_LIBRARY = "libc++";
				CLANG_ENABLE_MODULES = YES;
				CLANG_ENABLE_OBJC_ARC = YES;
				CLANG_ENABLE_OBJC_WEAK = YES;
				CLANG_WARN_BLOCK_CAPTURE_AUTORELEASING = YES;
				CLANG_WARN_BOOL_CONVERSION = YES;
				CLANG_WARN_COMMA = YES;
				CLANG_WARN_CONSTANT_CONVERSION = YES;
				CLANG_WARN_DEPRECATED_OBJC_IMPLEMENTATIONS = YES;
				CLANG_WARN_DIRECT_OBJC_ISA_USAGE = YES_ERROR;
				CLANG_WARN_DOCUMENTATION_COMMENTS = YES;
				CLANG_WARN_EMPTY_BODY = YES;
				CLANG_WARN_ENUM_CONVERSION = YES;
				CLANG_WARN_INFINITE_RECURSION = YES;
				CLANG_WARN_INT_CONVERSION = YES;
				CLANG_WARN_NON_LITERAL_NULL_CONVERSION = YES;
				CLANG_WARN_OBJC_IMPLICIT_RETAIN_SELF = YES;
				CLANG_WARN_OBJC_LITERAL_CONVERSION = YES;
				CLANG_WARN_OBJC_ROOT_CLASS = YES_ERROR;
				CLANG_WARN_QUOTED_INCLUDE_IN_FRAMEWORK_HEADER = YES;
				CLANG_WARN_RANGE_LOOP_ANALYSIS = YES;
				CLANG_WARN_STRICT_PROTOTYPES = YES;
				CLANG_WARN_SUSPICIOUS_MOVE = YES;
				CLANG_WARN_UNGUARDED_AVAILABILITY = YES_AGGRESSIVE;
				CLANG_WARN_UNREACHABLE_CODE = YES;
				CLANG_WARN__DUPLICATE_METHOD_MATCH = YES;
				COPY_PHASE_STRIP = NO;
				DEBUG_INFORMATION_FORMAT = "dwarf-with-dsym";
				ENABLE_NS_ASSERTIONS = NO;
				ENABLE_STRICT_OBJC_MSGSEND = YES;
				GCC_C_LANGUAGE_STANDARD = gnu11;
				GCC_NO_COMMON_BLOCKS = YES;
				GCC_WARN_64_TO_32_BIT_CONVERSION = YES;
				GCC_WARN_ABOUT_RETURN_TYPE = YES_ERROR;
				GCC_WARN_UNDECLARED_SELECTOR = YES;
				GCC_WARN_UNINITIALIZED_AUTOS = YES_AGGRESSIVE;
				GCC_WARN_UNUSED_FUNCTION = YES;
				GCC_WARN_UNUSED_VARIABLE = YES;
				IPHONEOS_DEPLOYMENT_TARGET = 14.5;
				MTL_ENABLE_DEBUG_INFO = NO;
				MTL_FAST_MATH = YES;
				SDKROOT = iphoneos;
				SWIFT_COMPILATION_MODE = wholemodule;
				SWIFT_OPTIMIZATION_LEVEL = "-O";
				VALIDATE_PRODUCT = YES;
			};
			name = Release;
		};
		3E9A610B26D256B4003F5939 /* Debug */ = {
			isa = XCBuildConfiguration;
			buildSettings = {
				ASSETCATALOG_COMPILER_APPICON_NAME = AppIcon;
				ASSETCATALOG_COMPILER_GLOBAL_ACCENT_COLOR_NAME = AccentColor;
				CODE_SIGN_STYLE = Automatic;
				DEVELOPMENT_ASSET_PATHS = "\"FoodAppUI/Preview Content\"";
				DEVELOPMENT_TEAM = 9PGNALUY6R;
				ENABLE_PREVIEWS = YES;
				INFOPLIST_FILE = FoodAppUI/Info.plist;
				IPHONEOS_DEPLOYMENT_TARGET = 14.0;
				LD_RUNPATH_SEARCH_PATHS = (
					"$(inherited)",
					"@executable_path/Frameworks",
				);
				PRODUCT_BUNDLE_IDENTIFIER = com.uxbert.FoodAppUI;
				PRODUCT_NAME = "$(TARGET_NAME)";
				SWIFT_VERSION = 5.0;
				TARGETED_DEVICE_FAMILY = "1,2";
			};
			name = Debug;
		};
		3E9A610C26D256B4003F5939 /* Release */ = {
			isa = XCBuildConfiguration;
			buildSettings = {
				ASSETCATALOG_COMPILER_APPICON_NAME = AppIcon;
				ASSETCATALOG_COMPILER_GLOBAL_ACCENT_COLOR_NAME = AccentColor;
				CODE_SIGN_STYLE = Automatic;
				DEVELOPMENT_ASSET_PATHS = "\"FoodAppUI/Preview Content\"";
				DEVELOPMENT_TEAM = 9PGNALUY6R;
				ENABLE_PREVIEWS = YES;
				INFOPLIST_FILE = FoodAppUI/Info.plist;
				IPHONEOS_DEPLOYMENT_TARGET = 14.0;
				LD_RUNPATH_SEARCH_PATHS = (
					"$(inherited)",
					"@executable_path/Frameworks",
				);
				PRODUCT_BUNDLE_IDENTIFIER = com.uxbert.FoodAppUI;
				PRODUCT_NAME = "$(TARGET_NAME)";
				SWIFT_VERSION = 5.0;
				TARGETED_DEVICE_FAMILY = "1,2";
			};
			name = Release;
		};
/* End XCBuildConfiguration section */

/* Begin XCConfigurationList section */
		3E9A60F626D256B2003F5939 /* Build configuration list for PBXProject "FoodAppUI" */ = {
			isa = XCConfigurationList;
			buildConfigurations = (
				3E9A610826D256B4003F5939 /* Debug */,
				3E9A610926D256B4003F5939 /* Release */,
			);
			defaultConfigurationIsVisible = 0;
			defaultConfigurationName = Release;
		};
		3E9A610A26D256B4003F5939 /* Build configuration list for PBXNativeTarget "FoodAppUI" */ = {
			isa = XCConfigurationList;
			buildConfigurations = (
				3E9A610B26D256B4003F5939 /* Debug */,
				3E9A610C26D256B4003F5939 /* Release */,
			);
			defaultConfigurationIsVisible = 0;
			defaultConfigurationName = Release;
		};
/* End XCConfigurationList section */
	};
	rootObject = 3E9A60F326D256B2003F5939 /* Project object */;
}
